// !$*UTF8*$!
{
	archiveVersion = 1;
	classes = {
	};
	objectVersion = 48;
	objects = {

/* Begin PBXBuildFile section */
		98948B77204B9973008C8689 /* AppDelegate.swift in Sources */ = {isa = PBXBuildFile; fileRef = 98948B76204B9973008C8689 /* AppDelegate.swift */; };
		98948B79204B9973008C8689 /* ViewController.swift in Sources */ = {isa = PBXBuildFile; fileRef = 98948B78204B9973008C8689 /* ViewController.swift */; };
		98948B7C204B9973008C8689 /* Main.storyboard in Resources */ = {isa = PBXBuildFile; fileRef = 98948B7A204B9973008C8689 /* Main.storyboard */; };
		98948B7F204B9973008C8689 /* BatePonto.xcdatamodeld in Sources */ = {isa = PBXBuildFile; fileRef = 98948B7D204B9973008C8689 /* BatePonto.xcdatamodeld */; };
		98948B81204B9973008C8689 /* Assets.xcassets in Resources */ = {isa = PBXBuildFile; fileRef = 98948B80204B9973008C8689 /* Assets.xcassets */; };
		98948B84204B9973008C8689 /* LaunchScreen.storyboard in Resources */ = {isa = PBXBuildFile; fileRef = 98948B82204B9973008C8689 /* LaunchScreen.storyboard */; };
		98FC904F204B9F3500535CD6 /* DateExtension.swift in Sources */ = {isa = PBXBuildFile; fileRef = 98FC904E204B9F3500535CD6 /* DateExtension.swift */; };
		98FC9051204B9F3C00535CD6 /* ActionButtonProtocol.swift in Sources */ = {isa = PBXBuildFile; fileRef = 98FC9050204B9F3C00535CD6 /* ActionButtonProtocol.swift */; };
		98FC9054204B9F4200535CD6 /* DatePickerViewController.swift in Sources */ = {isa = PBXBuildFile; fileRef = 98FC9052204B9F4200535CD6 /* DatePickerViewController.swift */; };
		98FC9055204B9F4200535CD6 /* TimeViewController.swift in Sources */ = {isa = PBXBuildFile; fileRef = 98FC9053204B9F4200535CD6 /* TimeViewController.swift */; };
		98FC9057204B9F4700535CD6 /* DatePickerViewController.xib in Resources */ = {isa = PBXBuildFile; fileRef = 98FC9056204B9F4700535CD6 /* DatePickerViewController.xib */; };
/* End PBXBuildFile section */

/* Begin PBXFileReference section */
		98948B73204B9973008C8689 /* BatePonto.app */ = {isa = PBXFileReference; explicitFileType = wrapper.application; includeInIndex = 0; path = BatePonto.app; sourceTree = BUILT_PRODUCTS_DIR; };
		98948B76204B9973008C8689 /* AppDelegate.swift */ = {isa = PBXFileReference; lastKnownFileType = sourcecode.swift; path = AppDelegate.swift; sourceTree = "<group>"; };
		98948B78204B9973008C8689 /* ViewController.swift */ = {isa = PBXFileReference; lastKnownFileType = sourcecode.swift; path = ViewController.swift; sourceTree = "<group>"; };
		98948B7B204B9973008C8689 /* Base */ = {isa = PBXFileReference; lastKnownFileType = file.storyboard; name = Base; path = Base.lproj/Main.storyboard; sourceTree = "<group>"; };
		98948B7E204B9973008C8689 /* BatePonto.xcdatamodel */ = {isa = PBXFileReference; lastKnownFileType = wrapper.xcdatamodel; path = BatePonto.xcdatamodel; sourceTree = "<group>"; };
		98948B80204B9973008C8689 /* Assets.xcassets */ = {isa = PBXFileReference; lastKnownFileType = folder.assetcatalog; path = Assets.xcassets; sourceTree = "<group>"; };
		98948B83204B9973008C8689 /* Base */ = {isa = PBXFileReference; lastKnownFileType = file.storyboard; name = Base; path = Base.lproj/LaunchScreen.storyboard; sourceTree = "<group>"; };
		98948B85204B9973008C8689 /* Info.plist */ = {isa = PBXFileReference; lastKnownFileType = text.plist.xml; path = Info.plist; sourceTree = "<group>"; };
		98FC904E204B9F3500535CD6 /* DateExtension.swift */ = {isa = PBXFileReference; fileEncoding = 4; lastKnownFileType = sourcecode.swift; path = DateExtension.swift; sourceTree = "<group>"; };
		98FC9050204B9F3C00535CD6 /* ActionButtonProtocol.swift */ = {isa = PBXFileReference; fileEncoding = 4; lastKnownFileType = sourcecode.swift; path = ActionButtonProtocol.swift; sourceTree = "<group>"; };
		98FC9052204B9F4200535CD6 /* DatePickerViewController.swift */ = {isa = PBXFileReference; fileEncoding = 4; lastKnownFileType = sourcecode.swift; path = DatePickerViewController.swift; sourceTree = "<group>"; };
		98FC9053204B9F4200535CD6 /* TimeViewController.swift */ = {isa = PBXFileReference; fileEncoding = 4; lastKnownFileType = sourcecode.swift; path = TimeViewController.swift; sourceTree = "<group>"; };
		98FC9056204B9F4700535CD6 /* DatePickerViewController.xib */ = {isa = PBXFileReference; fileEncoding = 4; lastKnownFileType = file.xib; path = DatePickerViewController.xib; sourceTree = "<group>"; };
/* End PBXFileReference section */

/* Begin PBXFrameworksBuildPhase section */
		98948B70204B9973008C8689 /* Frameworks */ = {
			isa = PBXFrameworksBuildPhase;
			buildActionMask = 2147483647;
			files = (
			);
			runOnlyForDeploymentPostprocessing = 0;
		};
/* End PBXFrameworksBuildPhase section */

/* Begin PBXGroup section */
		98948B6A204B9973008C8689 = {
			isa = PBXGroup;
			children = (
				98948B75204B9973008C8689 /* BatePonto */,
				98948B74204B9973008C8689 /* Products */,
			);
			sourceTree = "<group>";
		};
		98948B74204B9973008C8689 /* Products */ = {
			isa = PBXGroup;
			children = (
				98948B73204B9973008C8689 /* BatePonto.app */,
			);
			name = Products;
			sourceTree = "<group>";
		};
		98948B75204B9973008C8689 /* BatePonto */ = {
			isa = PBXGroup;
			children = (
				98FC904D204B9EE800535CD6 /* View */,
				98FC904C204B9ED900535CD6 /* Time */,
				98FC904B204B9ED400535CD6 /* Protocol */,
				98FC904A204B9EC400535CD6 /* Extension */,
				98948B76204B9973008C8689 /* AppDelegate.swift */,
				98948B78204B9973008C8689 /* ViewController.swift */,
				98948B7A204B9973008C8689 /* Main.storyboard */,
				98948B80204B9973008C8689 /* Assets.xcassets */,
				98948B82204B9973008C8689 /* LaunchScreen.storyboard */,
				98948B85204B9973008C8689 /* Info.plist */,
				98948B7D204B9973008C8689 /* BatePonto.xcdatamodeld */,
			);
			path = BatePonto;
			sourceTree = "<group>";
		};
		98FC904A204B9EC400535CD6 /* Extension */ = {
			isa = PBXGroup;
			children = (
				98FC904E204B9F3500535CD6 /* DateExtension.swift */,
			);
			path = Extension;
			sourceTree = "<group>";
		};
		98FC904B204B9ED400535CD6 /* Protocol */ = {
			isa = PBXGroup;
			children = (
				98FC9050204B9F3C00535CD6 /* ActionButtonProtocol.swift */,
			);
			path = Protocol;
			sourceTree = "<group>";
		};
		98FC904C204B9ED900535CD6 /* Time */ = {
			isa = PBXGroup;
			children = (
				98FC9052204B9F4200535CD6 /* DatePickerViewController.swift */,
				98FC9053204B9F4200535CD6 /* TimeViewController.swift */,
			);
			path = Time;
			sourceTree = "<group>";
		};
		98FC904D204B9EE800535CD6 /* View */ = {
			isa = PBXGroup;
			children = (
				98FC9056204B9F4700535CD6 /* DatePickerViewController.xib */,
			);
			path = View;
			sourceTree = "<group>";
		};
/* End PBXGroup section */

/* Begin PBXNativeTarget section */
		98948B72204B9973008C8689 /* BatePonto */ = {
			isa = PBXNativeTarget;
			buildConfigurationList = 98948B88204B9973008C8689 /* Build configuration list for PBXNativeTarget "BatePonto" */;
			buildPhases = (
				98948B6F204B9973008C8689 /* Sources */,
				98948B70204B9973008C8689 /* Frameworks */,
				98948B71204B9973008C8689 /* Resources */,
			);
			buildRules = (
			);
			dependencies = (
			);
			name = BatePonto;
			productName = BatePonto;
			productReference = 98948B73204B9973008C8689 /* BatePonto.app */;
			productType = "com.apple.product-type.application";
		};
/* End PBXNativeTarget section */

/* Begin PBXProject section */
		98948B6B204B9973008C8689 /* Project object */ = {
			isa = PBXProject;
			attributes = {
				LastSwiftUpdateCheck = 0920;
				LastUpgradeCheck = 0920;
				ORGANIZATIONNAME = "Fabio Miciano";
				TargetAttributes = {
					98948B72204B9973008C8689 = {
						CreatedOnToolsVersion = 9.2;
						ProvisioningStyle = Automatic;
					};
				};
			};
			buildConfigurationList = 98948B6E204B9973008C8689 /* Build configuration list for PBXProject "BatePonto" */;
			compatibilityVersion = "Xcode 8.0";
			developmentRegion = en;
			hasScannedForEncodings = 0;
			knownRegions = (
				en,
				Base,
			);
			mainGroup = 98948B6A204B9973008C8689;
			productRefGroup = 98948B74204B9973008C8689 /* Products */;
			projectDirPath = "";
			projectRoot = "";
			targets = (
				98948B72204B9973008C8689 /* BatePonto */,
			);
		};
/* End PBXProject section */

/* Begin PBXResourcesBuildPhase section */
		98948B71204B9973008C8689 /* Resources */ = {
			isa = PBXResourcesBuildPhase;
			buildActionMask = 2147483647;
			files = (
				98FC9057204B9F4700535CD6 /* DatePickerViewController.xib in Resources */,
				98948B84204B9973008C8689 /* LaunchScreen.storyboard in Resources */,
				98948B81204B9973008C8689 /* Assets.xcassets in Resources */,
				98948B7C204B9973008C8689 /* Main.storyboard in Resources */,
			);
			runOnlyForDeploymentPostprocessing = 0;
		};
/* End PBXResourcesBuildPhase section */

/* Begin PBXSourcesBuildPhase section */
		98948B6F204B9973008C8689 /* Sources */ = {
			isa = PBXSourcesBuildPhase;
			buildActionMask = 2147483647;
			files = (
				98948B79204B9973008C8689 /* ViewController.swift in Sources */,
				98FC904F204B9F3500535CD6 /* DateExtension.swift in Sources */,
				98FC9054204B9F4200535CD6 /* DatePickerViewController.swift in Sources */,
				98FC9051204B9F3C00535CD6 /* ActionButtonProtocol.swift in Sources */,
				98FC9055204B9F4200535CD6 /* TimeViewController.swift in Sources */,
				98948B77204B9973008C8689 /* AppDelegate.swift in Sources */,
				98948B7F204B9973008C8689 /* BatePonto.xcdatamodeld in Sources */,
			);
			runOnlyForDeploymentPostprocessing = 0;
		};
/* End PBXSourcesBuildPhase section */

/* Begin PBXVariantGroup section */
		98948B7A204B9973008C8689 /* Main.storyboard */ = {
			isa = PBXVariantGroup;
			children = (
				98948B7B204B9973008C8689 /* Base */,
			);
			name = Main.storyboard;
			sourceTree = "<group>";
		};
		98948B82204B9973008C8689 /* LaunchScreen.storyboard */ = {
			isa = PBXVariantGroup;
			children = (
				98948B83204B9973008C8689 /* Base */,
			);
			name = LaunchScreen.storyboard;
			sourceTree = "<group>";
		};
/* End PBXVariantGroup section */

/* Begin XCBuildConfiguration section */
		98948B86204B9973008C8689 /* Debug */ = {
			isa = XCBuildConfiguration;
			buildSettings = {
				ALWAYS_SEARCH_USER_PATHS = NO;
				CLANG_ANALYZER_NONNULL = YES;
				CLANG_ANALYZER_NUMBER_OBJECT_CONVERSION = YES_AGGRESSIVE;
				CLANG_CXX_LANGUAGE_STANDARD = "gnu++14";
				CLANG_CXX_LIBRARY = "libc++";
				CLANG_ENABLE_MODULES = YES;
				CLANG_ENABLE_OBJC_ARC = YES;
				CLANG_WARN_BLOCK_CAPTURE_AUTORELEASING = YES;
				CLANG_WARN_BOOL_CONVERSION = YES;
				CLANG_WARN_COMMA = YES;
				CLANG_WARN_CONSTANT_CONVERSION = YES;
				CLANG_WARN_DIRECT_OBJC_ISA_USAGE = YES_ERROR;
				CLANG_WARN_DOCUMENTATION_COMMENTS = YES;
				CLANG_WARN_EMPTY_BODY = YES;
				CLANG_WARN_ENUM_CONVERSION = YES;
				CLANG_WARN_INFINITE_RECURSION = YES;
				CLANG_WARN_INT_CONVERSION = YES;
				CLANG_WARN_NON_LITERAL_NULL_CONVERSION = YES;
				CLANG_WARN_OBJC_LITERAL_CONVERSION = YES;
				CLANG_WARN_OBJC_ROOT_CLASS = YES_ERROR;
				CLANG_WARN_RANGE_LOOP_ANALYSIS = YES;
				CLANG_WARN_STRICT_PROTOTYPES = YES;
				CLANG_WARN_SUSPICIOUS_MOVE = YES;
				CLANG_WARN_UNGUARDED_AVAILABILITY = YES_AGGRESSIVE;
				CLANG_WARN_UNREACHABLE_CODE = YES;
				CLANG_WARN__DUPLICATE_METHOD_MATCH = YES;
				CODE_SIGN_IDENTITY = "iPhone Developer";
				COPY_PHASE_STRIP = NO;
				DEBUG_INFORMATION_FORMAT = dwarf;
				ENABLE_STRICT_OBJC_MSGSEND = YES;
				ENABLE_TESTABILITY = YES;
				GCC_C_LANGUAGE_STANDARD = gnu11;
				GCC_DYNAMIC_NO_PIC = NO;
				GCC_NO_COMMON_BLOCKS = YES;
				GCC_OPTIMIZATION_LEVEL = 0;
				GCC_PREPROCESSOR_DEFINITIONS = (
					"DEBUG=1",
					"$(inherited)",
				);
				GCC_WARN_64_TO_32_BIT_CONVERSION = YES;
				GCC_WARN_ABOUT_RETURN_TYPE = YES_ERROR;
				GCC_WARN_UNDECLARED_SELECTOR = YES;
				GCC_WARN_UNINITIALIZED_AUTOS = YES_AGGRESSIVE;
				GCC_WARN_UNUSED_FUNCTION = YES;
				GCC_WARN_UNUSED_VARIABLE = YES;
				IPHONEOS_DEPLOYMENT_TARGET = 11.2;
				MTL_ENABLE_DEBUG_INFO = YES;
				ONLY_ACTIVE_ARCH = YES;
				SDKROOT = iphoneos;
				SWIFT_ACTIVE_COMPILATION_CONDITIONS = DEBUG;
				SWIFT_OPTIMIZATION_LEVEL = "-Onone";
			};
			name = Debug;
		};
		98948B87204B9973008C8689 /* Release */ = {
			isa = XCBuildConfiguration;
			buildSettings = {
				ALWAYS_SEARCH_USER_PATHS = NO;
				CLANG_ANALYZER_NONNULL = YES;
				CLANG_ANALYZER_NUMBER_OBJECT_CONVERSION = YES_AGGRESSIVE;
				CLANG_CXX_LANGUAGE_STANDARD = "gnu++14";
				CLANG_CXX_LIBRARY = "libc++";
				CLANG_ENABLE_MODULES = YES;
				CLANG_ENABLE_OBJC_ARC = YES;
				CLANG_WARN_BLOCK_CAPTURE_AUTORELEASING = YES;
				CLANG_WARN_BOOL_CONVERSION = YES;
				CLANG_WARN_COMMA = YES;
				CLANG_WARN_CONSTANT_CONVERSION = YES;
				CLANG_WARN_DIRECT_OBJC_ISA_USAGE = YES_ERROR;
				CLANG_WARN_DOCUMENTATION_COMMENTS = YES;
				CLANG_WARN_EMPTY_BODY = YES;
				CLANG_WARN_ENUM_CONVERSION = YES;
				CLANG_WARN_INFINITE_RECURSION = YES;
				CLANG_WARN_INT_CONVERSION = YES;
				CLANG_WARN_NON_LITERAL_NULL_CONVERSION = YES;
				CLANG_WARN_OBJC_LITERAL_CONVERSION = YES;
				CLANG_WARN_OBJC_ROOT_CLASS = YES_ERROR;
				CLANG_WARN_RANGE_LOOP_ANALYSIS = YES;
				CLANG_WARN_STRICT_PROTOTYPES = YES;
				CLANG_WARN_SUSPICIOUS_MOVE = YES;
				CLANG_WARN_UNGUARDED_AVAILABILITY = YES_AGGRESSIVE;
				CLANG_WARN_UNREACHABLE_CODE = YES;
				CLANG_WARN__DUPLICATE_METHOD_MATCH = YES;
				CODE_SIGN_IDENTITY = "iPhone Developer";
				COPY_PHASE_STRIP = NO;
				DEBUG_INFORMATION_FORMAT = "dwarf-with-dsym";
				ENABLE_NS_ASSERTIONS = NO;
				ENABLE_STRICT_OBJC_MSGSEND = YES;
				GCC_C_LANGUAGE_STANDARD = gnu11;
				GCC_NO_COMMON_BLOCKS = YES;
				GCC_WARN_64_TO_32_BIT_CONVERSION = YES;
				GCC_WARN_ABOUT_RETURN_TYPE = YES_ERROR;
				GCC_WARN_UNDECLARED_SELECTOR = YES;
				GCC_WARN_UNINITIALIZED_AUTOS = YES_AGGRESSIVE;
				GCC_WARN_UNUSED_FUNCTION = YES;
				GCC_WARN_UNUSED_VARIABLE = YES;
				IPHONEOS_DEPLOYMENT_TARGET = 11.2;
				MTL_ENABLE_DEBUG_INFO = NO;
				SDKROOT = iphoneos;
				SWIFT_OPTIMIZATION_LEVEL = "-Owholemodule";
				VALIDATE_PRODUCT = YES;
			};
			name = Release;
		};
		98948B89204B9973008C8689 /* Debug */ = {
			isa = XCBuildConfiguration;
			buildSettings = {
				ASSETCATALOG_COMPILER_APPICON_NAME = AppIcon;
				CODE_SIGN_STYLE = Automatic;
				DEVELOPMENT_TEAM = 24JK3C3F29;
				INFOPLIST_FILE = BatePonto/Info.plist;
				IPHONEOS_DEPLOYMENT_TARGET = 10.0;
				LD_RUNPATH_SEARCH_PATHS = "$(inherited) @executable_path/Frameworks";
				PRODUCT_BUNDLE_IDENTIFIER = com.miciano.BatePonto;
				PRODUCT_NAME = "$(TARGET_NAME)";
				SWIFT_VERSION = 4.0;
				TARGETED_DEVICE_FAMILY = 1;
			};
			name = Debug;
		};
		98948B8A204B9973008C8689 /* Release */ = {
			isa = XCBuildConfiguration;
			buildSettings = {
				ASSETCATALOG_COMPILER_APPICON_NAME = AppIcon;
				CODE_SIGN_STYLE = Automatic;
				DEVELOPMENT_TEAM = 24JK3C3F29;
				INFOPLIST_FILE = BatePonto/Info.plist;
				IPHONEOS_DEPLOYMENT_TARGET = 10.0;
				LD_RUNPATH_SEARCH_PATHS = "$(inherited) @executable_path/Frameworks";
				PRODUCT_BUNDLE_IDENTIFIER = com.miciano.BatePonto;
				PRODUCT_NAME = "$(TARGET_NAME)";
				SWIFT_VERSION = 4.0;
				TARGETED_DEVICE_FAMILY = 1;
			};
			name = Release;
		};
/* End XCBuildConfiguration section */

/* Begin XCConfigurationList section */
		98948B6E204B9973008C8689 /* Build configuration list for PBXProject "BatePonto" */ = {
			isa = XCConfigurationList;
			buildConfigurations = (
				98948B86204B9973008C8689 /* Debug */,
				98948B87204B9973008C8689 /* Release */,
			);
			defaultConfigurationIsVisible = 0;
			defaultConfigurationName = Release;
		};
		98948B88204B9973008C8689 /* Build configuration list for PBXNativeTarget "BatePonto" */ = {
			isa = XCConfigurationList;
			buildConfigurations = (
				98948B89204B9973008C8689 /* Debug */,
				98948B8A204B9973008C8689 /* Release */,
			);
			defaultConfigurationIsVisible = 0;
			defaultConfigurationName = Release;
		};
/* End XCConfigurationList section */

/* Begin XCVersionGroup section */
		98948B7D204B9973008C8689 /* BatePonto.xcdatamodeld */ = {
			isa = XCVersionGroup;
			children = (
				98948B7E204B9973008C8689 /* BatePonto.xcdatamodel */,
			);
			currentVersion = 98948B7E204B9973008C8689 /* BatePonto.xcdatamodel */;
			path = BatePonto.xcdatamodeld;
			sourceTree = "<group>";
			versionGroupType = wrapper.xcdatamodel;
		};
/* End XCVersionGroup section */
	};
	rootObject = 98948B6B204B9973008C8689 /* Project object */;
}
